
Microsoft Visual Studio Solution File, Format Version 12.00
# Visual Studio Version 17
VisualStudioVersion = 17.10.35027.167
MinimumVisualStudioVersion = 10.0.40219.1
Project("{FAE04EC0-301F-11D3-BF4B-00C04F79EFBC}") = "test", "test.csproj", "{325996E0-D0F5-4ACF-B451-C0C406791043}"
EndProject
Global
	GlobalSection(SolutionConfigurationPlatforms) = preSolution
		Debug|Any CPU = Debug|Any CPU
		Release|Any CPU = Release|Any CPU
	EndGlobalSection
	GlobalSection(ProjectConfigurationPlatforms) = postSolution
		{325996E0-D0F5-4ACF-B451-C0C406791043}.Debug|Any CPU.ActiveCfg = Debug|Any CPU
		{325996E0-D0F5-4ACF-B451-C0C406791043}.Debug|Any CPU.Build.0 = Debug|Any CPU
		{325996E0-D0F5-4ACF-B451-C0C406791043}.Release|Any CPU.ActiveCfg = Release|Any CPU
		{325996E0-D0F5-4ACF-B451-C0C406791043}.Release|Any CPU.Build.0 = Release|Any CPU
	EndGlobalSection
	GlobalSection(SolutionProperties) = preSolution
		HideSolutionNode = FALSE
	EndGlobalSection
	GlobalSection(ExtensibilityGlobals) = postSolution
		SolutionGuid = {9254C7FE-767C-4569-86BB-B77957A2E82D}
	EndGlobalSection
EndGlobal
